
Microsoft Visual Studio Solution File, Format Version 12.00
# Visual Studio Version 16
VisualStudioVersion = 16.0.29201.188
MinimumVisualStudioVersion = 10.0.40219.1
Project("{FAE04EC0-301F-11D3-BF4B-00C04F79EFBC}") = "HelperLibrary", "HelperLibrary\HelperLibrary.csproj", "{3696BC6C-2421-4EAF-B7D8-A26A74AC7656}"
EndProject
Project("{FAE04EC0-301F-11D3-BF4B-00C04F79EFBC}") = "CreateTestDataConsole", "..\CreateTestDataConsole\CreateTestDataConsole.csproj", "{B32CF838-BEFF-4B20-9473-0D206E29A156}"
EndProject
Project("{FAE04EC0-301F-11D3-BF4B-00C04F79EFBC}") = "TradingSystemTests", "TradingSystemTests\TradingSystemTests.csproj", "{DC06B12E-FCBB-4E6E-AABD-44F5EB32D5B5}"
EndProject
Project("{FAE04EC0-301F-11D3-BF4B-00C04F79EFBC}") = "Trading.UI.Wpf", "Trading.UI.Wpf\Trading.UI.Wpf.csproj", "{CA473657-1F60-4A8D-A0DC-FAB115CDAA8B}"
EndProject
Project("{FAE04EC0-301F-11D3-BF4B-00C04F79EFBC}") = "Trading.Backtest.Data", "Trading.Backtest.Data\Trading.Backtest.Data.csproj", "{01E27471-DB85-47BC-B9C0-6C71765833D5}"
EndProject
Project("{FAE04EC0-301F-11D3-BF4B-00C04F79EFBC}") = "Trading.DataStructures", "Trading.DataStructures\Trading.DataStructures.csproj", "{53BB7EFC-1B0D-4DFA-BE74-5FF13BF088EF}"
EndProject
Project("{FAE04EC0-301F-11D3-BF4B-00C04F79EFBC}") = "Common.Lib.UI.WPF.Core", "..\..\..\Git\Libraries\Common.Lib\Common.Lib.UI.WPF.Core\Common.Lib.UI.WPF.Core.csproj", "{B8E58FAB-0B66-4CF2-AE21-8EB2EE25100D}"
EndProject
Project("{FAE04EC0-301F-11D3-BF4B-00C04F79EFBC}") = "Common.Lib.Core", "..\..\..\Git\Libraries\Common.Lib\Common.Lib.Core\Common.Lib.Core.csproj", "{7D591765-3AE2-4629-BE6E-CA18779BFF2A}"
EndProject
Project("{FAE04EC0-301F-11D3-BF4B-00C04F79EFBC}") = "Trading.PortfolioManager.UI.Wpf", "Trading.PortfolioManager.UI\Trading.PortfolioManager.UI.Wpf.csproj", "{4FC8A736-FC36-47F7-A4F8-736B61C96B5C}"
EndProject
Project("{2150E333-8FDC-42A3-9474-1A3956D46DE8}") = "Libraries", "Libraries", "{8A80DA83-1CE2-4D29-A1EB-431EDEF53F1A}"
EndProject
Project("{2150E333-8FDC-42A3-9474-1A3956D46DE8}") = "UIs", "UIs", "{7D2C8402-05F4-4CB3-A297-AEB9DA6F764F}"
EndProject
Project("{FAE04EC0-301F-11D3-BF4B-00C04F79EFBC}") = "Trading.Core", "Trading.Core\Trading.Core.csproj", "{291D03A4-084D-4D25-90C5-1907569756D4}"
EndProject
Project("{2150E333-8FDC-42A3-9474-1A3956D46DE8}") = "Testing", "Testing", "{5D5F0F4A-CEB7-4310-AF22-1DB48128C283}"
EndProject
Project("{2150E333-8FDC-42A3-9474-1A3956D46DE8}") = "Dependencies", "Dependencies", "{E365EBBE-13FD-4101-B7F3-AC5F26F00E0F}"
EndProject
Project("{FAE04EC0-301F-11D3-BF4B-00C04F79EFBC}") = "Trading.Calculation", "Trading.Calculation\Trading.Calculation.csproj", "{68564410-695D-436E-A12B-456F5870BB86}"
EndProject
Project("{FAE04EC0-301F-11D3-BF4B-00C04F79EFBC}") = "Trading.Parsing", "Trading.Parsing\Trading.Parsing.csproj", "{463F055A-786D-4E0F-9571-34BC6791BF61}"
EndProject
Global
	GlobalSection(SolutionConfigurationPlatforms) = preSolution
		Debug|Any CPU = Debug|Any CPU
		Release|Any CPU = Release|Any CPU
	EndGlobalSection
	GlobalSection(ProjectConfigurationPlatforms) = postSolution
		{3696BC6C-2421-4EAF-B7D8-A26A74AC7656}.Debug|Any CPU.ActiveCfg = Debug|Any CPU
		{3696BC6C-2421-4EAF-B7D8-A26A74AC7656}.Debug|Any CPU.Build.0 = Debug|Any CPU
		{3696BC6C-2421-4EAF-B7D8-A26A74AC7656}.Release|Any CPU.ActiveCfg = Release|Any CPU
		{3696BC6C-2421-4EAF-B7D8-A26A74AC7656}.Release|Any CPU.Build.0 = Release|Any CPU
		{B32CF838-BEFF-4B20-9473-0D206E29A156}.Debug|Any CPU.ActiveCfg = Debug|Any CPU
		{B32CF838-BEFF-4B20-9473-0D206E29A156}.Debug|Any CPU.Build.0 = Debug|Any CPU
		{B32CF838-BEFF-4B20-9473-0D206E29A156}.Release|Any CPU.ActiveCfg = Release|Any CPU
		{B32CF838-BEFF-4B20-9473-0D206E29A156}.Release|Any CPU.Build.0 = Release|Any CPU
		{DC06B12E-FCBB-4E6E-AABD-44F5EB32D5B5}.Debug|Any CPU.ActiveCfg = Debug|Any CPU
		{DC06B12E-FCBB-4E6E-AABD-44F5EB32D5B5}.Debug|Any CPU.Build.0 = Debug|Any CPU
		{DC06B12E-FCBB-4E6E-AABD-44F5EB32D5B5}.Release|Any CPU.ActiveCfg = Release|Any CPU
		{DC06B12E-FCBB-4E6E-AABD-44F5EB32D5B5}.Release|Any CPU.Build.0 = Release|Any CPU
		{CA473657-1F60-4A8D-A0DC-FAB115CDAA8B}.Debug|Any CPU.ActiveCfg = Debug|Any CPU
		{CA473657-1F60-4A8D-A0DC-FAB115CDAA8B}.Debug|Any CPU.Build.0 = Debug|Any CPU
		{CA473657-1F60-4A8D-A0DC-FAB115CDAA8B}.Release|Any CPU.ActiveCfg = Release|Any CPU
		{CA473657-1F60-4A8D-A0DC-FAB115CDAA8B}.Release|Any CPU.Build.0 = Release|Any CPU
		{01E27471-DB85-47BC-B9C0-6C71765833D5}.Debug|Any CPU.ActiveCfg = Debug|Any CPU
		{01E27471-DB85-47BC-B9C0-6C71765833D5}.Debug|Any CPU.Build.0 = Debug|Any CPU
		{01E27471-DB85-47BC-B9C0-6C71765833D5}.Release|Any CPU.ActiveCfg = Release|Any CPU
		{01E27471-DB85-47BC-B9C0-6C71765833D5}.Release|Any CPU.Build.0 = Release|Any CPU
		{53BB7EFC-1B0D-4DFA-BE74-5FF13BF088EF}.Debug|Any CPU.ActiveCfg = Debug|Any CPU
		{53BB7EFC-1B0D-4DFA-BE74-5FF13BF088EF}.Debug|Any CPU.Build.0 = Debug|Any CPU
		{53BB7EFC-1B0D-4DFA-BE74-5FF13BF088EF}.Release|Any CPU.ActiveCfg = Release|Any CPU
		{53BB7EFC-1B0D-4DFA-BE74-5FF13BF088EF}.Release|Any CPU.Build.0 = Release|Any CPU
		{B8E58FAB-0B66-4CF2-AE21-8EB2EE25100D}.Debug|Any CPU.ActiveCfg = Debug|Any CPU
		{B8E58FAB-0B66-4CF2-AE21-8EB2EE25100D}.Debug|Any CPU.Build.0 = Debug|Any CPU
		{B8E58FAB-0B66-4CF2-AE21-8EB2EE25100D}.Release|Any CPU.ActiveCfg = Release|Any CPU
		{B8E58FAB-0B66-4CF2-AE21-8EB2EE25100D}.Release|Any CPU.Build.0 = Release|Any CPU
		{7D591765-3AE2-4629-BE6E-CA18779BFF2A}.Debug|Any CPU.ActiveCfg = Debug|Any CPU
		{7D591765-3AE2-4629-BE6E-CA18779BFF2A}.Debug|Any CPU.Build.0 = Debug|Any CPU
		{7D591765-3AE2-4629-BE6E-CA18779BFF2A}.Release|Any CPU.ActiveCfg = Release|Any CPU
		{7D591765-3AE2-4629-BE6E-CA18779BFF2A}.Release|Any CPU.Build.0 = Release|Any CPU
		{4FC8A736-FC36-47F7-A4F8-736B61C96B5C}.Debug|Any CPU.ActiveCfg = Debug|Any CPU
		{4FC8A736-FC36-47F7-A4F8-736B61C96B5C}.Debug|Any CPU.Build.0 = Debug|Any CPU
		{4FC8A736-FC36-47F7-A4F8-736B61C96B5C}.Release|Any CPU.ActiveCfg = Release|Any CPU
		{4FC8A736-FC36-47F7-A4F8-736B61C96B5C}.Release|Any CPU.Build.0 = Release|Any CPU
		{291D03A4-084D-4D25-90C5-1907569756D4}.Debug|Any CPU.ActiveCfg = Debug|Any CPU
		{291D03A4-084D-4D25-90C5-1907569756D4}.Debug|Any CPU.Build.0 = Debug|Any CPU
		{291D03A4-084D-4D25-90C5-1907569756D4}.Release|Any CPU.ActiveCfg = Release|Any CPU
		{291D03A4-084D-4D25-90C5-1907569756D4}.Release|Any CPU.Build.0 = Release|Any CPU
		{68564410-695D-436E-A12B-456F5870BB86}.Debug|Any CPU.ActiveCfg = Debug|Any CPU
		{68564410-695D-436E-A12B-456F5870BB86}.Debug|Any CPU.Build.0 = Debug|Any CPU
		{68564410-695D-436E-A12B-456F5870BB86}.Release|Any CPU.ActiveCfg = Release|Any CPU
		{68564410-695D-436E-A12B-456F5870BB86}.Release|Any CPU.Build.0 = Release|Any CPU
		{463F055A-786D-4E0F-9571-34BC6791BF61}.Debug|Any CPU.ActiveCfg = Debug|Any CPU
		{463F055A-786D-4E0F-9571-34BC6791BF61}.Debug|Any CPU.Build.0 = Debug|Any CPU
		{463F055A-786D-4E0F-9571-34BC6791BF61}.Release|Any CPU.ActiveCfg = Release|Any CPU
		{463F055A-786D-4E0F-9571-34BC6791BF61}.Release|Any CPU.Build.0 = Release|Any CPU
	EndGlobalSection
	GlobalSection(SolutionProperties) = preSolution
		HideSolutionNode = FALSE
	EndGlobalSection
	GlobalSection(NestedProjects) = preSolution
		{DC06B12E-FCBB-4E6E-AABD-44F5EB32D5B5} = {5D5F0F4A-CEB7-4310-AF22-1DB48128C283}
		{CA473657-1F60-4A8D-A0DC-FAB115CDAA8B} = {7D2C8402-05F4-4CB3-A297-AEB9DA6F764F}
		{01E27471-DB85-47BC-B9C0-6C71765833D5} = {8A80DA83-1CE2-4D29-A1EB-431EDEF53F1A}
		{53BB7EFC-1B0D-4DFA-BE74-5FF13BF088EF} = {8A80DA83-1CE2-4D29-A1EB-431EDEF53F1A}
		{B8E58FAB-0B66-4CF2-AE21-8EB2EE25100D} = {E365EBBE-13FD-4101-B7F3-AC5F26F00E0F}
		{7D591765-3AE2-4629-BE6E-CA18779BFF2A} = {E365EBBE-13FD-4101-B7F3-AC5F26F00E0F}
		{4FC8A736-FC36-47F7-A4F8-736B61C96B5C} = {7D2C8402-05F4-4CB3-A297-AEB9DA6F764F}
		{291D03A4-084D-4D25-90C5-1907569756D4} = {8A80DA83-1CE2-4D29-A1EB-431EDEF53F1A}
		{68564410-695D-436E-A12B-456F5870BB86} = {8A80DA83-1CE2-4D29-A1EB-431EDEF53F1A}
		{463F055A-786D-4E0F-9571-34BC6791BF61} = {8A80DA83-1CE2-4D29-A1EB-431EDEF53F1A}
	EndGlobalSection
	GlobalSection(ExtensibilityGlobals) = postSolution
		SolutionGuid = {A594C2B9-6895-437D-AAA5-070D55537D8F}
	EndGlobalSection
EndGlobal
