
Microsoft Visual Studio Solution File, Format Version 12.00
# Visual Studio 15
VisualStudioVersion = 15.0.27130.2027
MinimumVisualStudioVersion = 10.0.40219.1
Project("{FAE04EC0-301F-11D3-BF4B-00C04F79EFBC}") = "HelperLibrary", "HelperLibrary\HelperLibrary.csproj", "{3696BC6C-2421-4EAF-B7D8-A26A74AC7656}"
EndProject
Project("{FAE04EC0-301F-11D3-BF4B-00C04F79EFBC}") = "Common.Lib.Core", "..\Libraries\Common.Lib\Common.Lib.Core\Common.Lib.Core.csproj", "{7D591765-3AE2-4629-BE6E-CA18779BFF2A}"
EndProject
Project("{FAE04EC0-301F-11D3-BF4B-00C04F79EFBC}") = "Common.Lib", "..\Libraries\Common.Lib\Common.Lib\Common.Lib.csproj", "{EC9F4648-980C-42A1-ACA9-F7A39C1C5FF9}"
EndProject
Project("{FAE04EC0-301F-11D3-BF4B-00C04F79EFBC}") = "CreateTestDataConsole", "..\CreateTestDataConsole\CreateTestDataConsole.csproj", "{B32CF838-BEFF-4B20-9473-0D206E29A156}"
EndProject
Project("{FAE04EC0-301F-11D3-BF4B-00C04F79EFBC}") = "TradingSystemTests", "TradingSystemTests\TradingSystemTests.csproj", "{DC06B12E-FCBB-4E6E-AABD-44F5EB32D5B5}"
EndProject
Project("{FAE04EC0-301F-11D3-BF4B-00C04F79EFBC}") = "Trading.UI.Wpf", "Trading.UI.Wpf\Trading.UI.Wpf.csproj", "{CA473657-1F60-4A8D-A0DC-FAB115CDAA8B}"
EndProject
Global
	GlobalSection(SolutionConfigurationPlatforms) = preSolution
		Debug|Any CPU = Debug|Any CPU
		Release|Any CPU = Release|Any CPU
	EndGlobalSection
	GlobalSection(ProjectConfigurationPlatforms) = postSolution
		{3696BC6C-2421-4EAF-B7D8-A26A74AC7656}.Debug|Any CPU.ActiveCfg = Debug|Any CPU
		{3696BC6C-2421-4EAF-B7D8-A26A74AC7656}.Debug|Any CPU.Build.0 = Debug|Any CPU
		{3696BC6C-2421-4EAF-B7D8-A26A74AC7656}.Release|Any CPU.ActiveCfg = Release|Any CPU
		{3696BC6C-2421-4EAF-B7D8-A26A74AC7656}.Release|Any CPU.Build.0 = Release|Any CPU
		{7D591765-3AE2-4629-BE6E-CA18779BFF2A}.Debug|Any CPU.ActiveCfg = Debug|Any CPU
		{7D591765-3AE2-4629-BE6E-CA18779BFF2A}.Debug|Any CPU.Build.0 = Debug|Any CPU
		{7D591765-3AE2-4629-BE6E-CA18779BFF2A}.Release|Any CPU.ActiveCfg = Release|Any CPU
		{7D591765-3AE2-4629-BE6E-CA18779BFF2A}.Release|Any CPU.Build.0 = Release|Any CPU
		{EC9F4648-980C-42A1-ACA9-F7A39C1C5FF9}.Debug|Any CPU.ActiveCfg = Debug|Any CPU
		{EC9F4648-980C-42A1-ACA9-F7A39C1C5FF9}.Debug|Any CPU.Build.0 = Debug|Any CPU
		{EC9F4648-980C-42A1-ACA9-F7A39C1C5FF9}.Release|Any CPU.ActiveCfg = Release|Any CPU
		{EC9F4648-980C-42A1-ACA9-F7A39C1C5FF9}.Release|Any CPU.Build.0 = Release|Any CPU
		{B32CF838-BEFF-4B20-9473-0D206E29A156}.Debug|Any CPU.ActiveCfg = Debug|Any CPU
		{B32CF838-BEFF-4B20-9473-0D206E29A156}.Debug|Any CPU.Build.0 = Debug|Any CPU
		{B32CF838-BEFF-4B20-9473-0D206E29A156}.Release|Any CPU.ActiveCfg = Release|Any CPU
		{B32CF838-BEFF-4B20-9473-0D206E29A156}.Release|Any CPU.Build.0 = Release|Any CPU
		{DC06B12E-FCBB-4E6E-AABD-44F5EB32D5B5}.Debug|Any CPU.ActiveCfg = Debug|Any CPU
		{DC06B12E-FCBB-4E6E-AABD-44F5EB32D5B5}.Debug|Any CPU.Build.0 = Debug|Any CPU
		{DC06B12E-FCBB-4E6E-AABD-44F5EB32D5B5}.Release|Any CPU.ActiveCfg = Release|Any CPU
		{DC06B12E-FCBB-4E6E-AABD-44F5EB32D5B5}.Release|Any CPU.Build.0 = Release|Any CPU
		{CA473657-1F60-4A8D-A0DC-FAB115CDAA8B}.Debug|Any CPU.ActiveCfg = Debug|Any CPU
		{CA473657-1F60-4A8D-A0DC-FAB115CDAA8B}.Debug|Any CPU.Build.0 = Debug|Any CPU
		{CA473657-1F60-4A8D-A0DC-FAB115CDAA8B}.Release|Any CPU.ActiveCfg = Release|Any CPU
		{CA473657-1F60-4A8D-A0DC-FAB115CDAA8B}.Release|Any CPU.Build.0 = Release|Any CPU
	EndGlobalSection
	GlobalSection(SolutionProperties) = preSolution
		HideSolutionNode = FALSE
	EndGlobalSection
	GlobalSection(ExtensibilityGlobals) = postSolution
		SolutionGuid = {A594C2B9-6895-437D-AAA5-070D55537D8F}
	EndGlobalSection
EndGlobal
